
Microsoft Visual Studio Solution File, Format Version 12.00
# Visual Studio 2012
Project("{FAE04EC0-301F-11D3-BF4B-00C04F79EFBC}") = "ChessRoute", "ChessRoute\ChessRoute.csproj", "{F614B311-2DF9-4D5D-9054-18BB80DBABB1}"
EndProject
Project("{FAE04EC0-301F-11D3-BF4B-00C04F79EFBC}") = "ChessRoute.Solver", "ChessRoute.Solver\ChessRoute.Solver.csproj", "{938E11DE-E776-4530-85C4-08A9A0C00CE5}"
EndProject
Project("{2150E333-8FDC-42A3-9474-1A3956D46DE8}") = "Solution Items", "Solution Items", "{ED537F6A-4CAD-4792-B439-A7739187E5AE}"
	ProjectSection(SolutionItems) = preProject
		CustomInput.json = CustomInput.json
		OriginalInput.txt = OriginalInput.txt
	EndProjectSection
EndProject
Project("{2150E333-8FDC-42A3-9474-1A3956D46DE8}") = ".nuget", ".nuget", "{6407217F-45CC-4C95-95DE-7D90DCFE6A28}"
	ProjectSection(SolutionItems) = preProject
		.nuget\NuGet.Config = .nuget\NuGet.Config
		.nuget\NuGet.exe = .nuget\NuGet.exe
		.nuget\NuGet.targets = .nuget\NuGet.targets
	EndProjectSection
EndProject
Project("{FAE04EC0-301F-11D3-BF4B-00C04F79EFBC}") = "ChessRoute.Web", "ChessRoute.Web\ChessRoute.Web.csproj", "{2CFB8E90-2666-4F8B-907A-5121188234C9}"
EndProject
Global
	GlobalSection(SolutionConfigurationPlatforms) = preSolution
		Debug|Any CPU = Debug|Any CPU
		Release|Any CPU = Release|Any CPU
	EndGlobalSection
	GlobalSection(ProjectConfigurationPlatforms) = postSolution
		{F614B311-2DF9-4D5D-9054-18BB80DBABB1}.Debug|Any CPU.ActiveCfg = Debug|Any CPU
		{F614B311-2DF9-4D5D-9054-18BB80DBABB1}.Debug|Any CPU.Build.0 = Debug|Any CPU
		{F614B311-2DF9-4D5D-9054-18BB80DBABB1}.Release|Any CPU.ActiveCfg = Release|Any CPU
		{F614B311-2DF9-4D5D-9054-18BB80DBABB1}.Release|Any CPU.Build.0 = Release|Any CPU
		{938E11DE-E776-4530-85C4-08A9A0C00CE5}.Debug|Any CPU.ActiveCfg = Debug|Any CPU
		{938E11DE-E776-4530-85C4-08A9A0C00CE5}.Debug|Any CPU.Build.0 = Debug|Any CPU
		{938E11DE-E776-4530-85C4-08A9A0C00CE5}.Release|Any CPU.ActiveCfg = Release|Any CPU
		{938E11DE-E776-4530-85C4-08A9A0C00CE5}.Release|Any CPU.Build.0 = Release|Any CPU
		{2CFB8E90-2666-4F8B-907A-5121188234C9}.Debug|Any CPU.ActiveCfg = Debug|Any CPU
		{2CFB8E90-2666-4F8B-907A-5121188234C9}.Debug|Any CPU.Build.0 = Debug|Any CPU
		{2CFB8E90-2666-4F8B-907A-5121188234C9}.Release|Any CPU.ActiveCfg = Release|Any CPU
		{2CFB8E90-2666-4F8B-907A-5121188234C9}.Release|Any CPU.Build.0 = Release|Any CPU
	EndGlobalSection
	GlobalSection(SolutionProperties) = preSolution
		HideSolutionNode = FALSE
	EndGlobalSection
EndGlobal
